{
  "name": "zokrates",
  "lockfileVersion": 2,
  "requires": true,
  "packages": {
    "": {
      "dependencies": {
        "zokrates-js": "^1.1.2"
      }
    },
    "node_modules/zokrates-js": {
      "version": "1.1.2",
      "resolved": "https://registry.npmjs.org/zokrates-js/-/zokrates-js-1.1.2.tgz",
      "integrity": "sha512-412j4R2gYLh09+jFQukRM5M/tKtLjL8FJxh9oXW2TYcveCAFkSluqPWf1HWOzJuFbA+niY5/hHqxTellhOiDdA=="
    }
  },
  "dependencies": {
    "zokrates-js": {
      "version": "1.1.2",
      "resolved": "https://registry.npmjs.org/zokrates-js/-/zokrates-js-1.1.2.tgz",
      "integrity": "sha512-412j4R2gYLh09+jFQukRM5M/tKtLjL8FJxh9oXW2TYcveCAFkSluqPWf1HWOzJuFbA+niY5/hHqxTellhOiDdA=="
    }
  }
}
